
Microsoft Visual Studio Solution File, Format Version 12.00
# Visual Studio Version 16
VisualStudioVersion = 16.0.30413.136
MinimumVisualStudioVersion = 10.0.40219.1
Project("{9A19103F-16F7-4668-BE54-9A1E7A4F7556}") = "MTGSystem", "MTGSystem\MTGSystem.csproj", "{D95B5F8F-E7B7-4D99-AFB4-48D5F0547648}"
EndProject
Project("{9A19103F-16F7-4668-BE54-9A1E7A4F7556}") = "MTGSystemTests", "MTGSystemTests\MTGSystemTests.csproj", "{787CA3EF-0687-4E4D-A719-2A859ECCAC1A}"
EndProject
Project("{9A19103F-16F7-4668-BE54-9A1E7A4F7556}") = "APITest", "APITest\APITest.csproj", "{6C69C31A-FA71-4BE5-AA03-DEF3FC1DB5AD}"
EndProject
Global
	GlobalSection(SolutionConfigurationPlatforms) = preSolution
		Debug|Any CPU = Debug|Any CPU
		Release|Any CPU = Release|Any CPU
	EndGlobalSection
	GlobalSection(ProjectConfigurationPlatforms) = postSolution
		{D95B5F8F-E7B7-4D99-AFB4-48D5F0547648}.Debug|Any CPU.ActiveCfg = Debug|Any CPU
		{D95B5F8F-E7B7-4D99-AFB4-48D5F0547648}.Debug|Any CPU.Build.0 = Debug|Any CPU
		{D95B5F8F-E7B7-4D99-AFB4-48D5F0547648}.Release|Any CPU.ActiveCfg = Release|Any CPU
		{D95B5F8F-E7B7-4D99-AFB4-48D5F0547648}.Release|Any CPU.Build.0 = Release|Any CPU
		{787CA3EF-0687-4E4D-A719-2A859ECCAC1A}.Debug|Any CPU.ActiveCfg = Debug|Any CPU
		{787CA3EF-0687-4E4D-A719-2A859ECCAC1A}.Debug|Any CPU.Build.0 = Debug|Any CPU
		{787CA3EF-0687-4E4D-A719-2A859ECCAC1A}.Release|Any CPU.ActiveCfg = Release|Any CPU
		{787CA3EF-0687-4E4D-A719-2A859ECCAC1A}.Release|Any CPU.Build.0 = Release|Any CPU
		{6C69C31A-FA71-4BE5-AA03-DEF3FC1DB5AD}.Debug|Any CPU.ActiveCfg = Debug|Any CPU
		{6C69C31A-FA71-4BE5-AA03-DEF3FC1DB5AD}.Debug|Any CPU.Build.0 = Debug|Any CPU
		{6C69C31A-FA71-4BE5-AA03-DEF3FC1DB5AD}.Release|Any CPU.ActiveCfg = Release|Any CPU
		{6C69C31A-FA71-4BE5-AA03-DEF3FC1DB5AD}.Release|Any CPU.Build.0 = Release|Any CPU
	EndGlobalSection
	GlobalSection(SolutionProperties) = preSolution
		HideSolutionNode = FALSE
	EndGlobalSection
	GlobalSection(ExtensibilityGlobals) = postSolution
		SolutionGuid = {5C252505-F354-48B5-9C68-3B5F0AD2070F}
	EndGlobalSection
EndGlobal
